
Microsoft Visual Studio Solution File, Format Version 12.00
# Visual Studio Version 17
VisualStudioVersion = 17.13.35825.156 d17.13
MinimumVisualStudioVersion = 10.0.40219.1
Project("{8BC9CEB8-8B4A-11D0-8D11-00A0C91BC942}") = "C++_training", "C++_training\C++_training.vcxproj", "{852327CE-6786-40A6-819D-F7401E7E2B6A}"
EndProject
Global
	GlobalSection(SolutionConfigurationPlatforms) = preSolution
		Debug|x64 = Debug|x64
		Debug|x86 = Debug|x86
		Release|x64 = Release|x64
		Release|x86 = Release|x86
	EndGlobalSection
	GlobalSection(ProjectConfigurationPlatforms) = postSolution
		{852327CE-6786-40A6-819D-F7401E7E2B6A}.Debug|x64.ActiveCfg = Debug|x64
		{852327CE-6786-40A6-819D-F7401E7E2B6A}.Debug|x64.Build.0 = Debug|x64
		{852327CE-6786-40A6-819D-F7401E7E2B6A}.Debug|x86.ActiveCfg = Debug|Win32
		{852327CE-6786-40A6-819D-F7401E7E2B6A}.Debug|x86.Build.0 = Debug|Win32
		{852327CE-6786-40A6-819D-F7401E7E2B6A}.Release|x64.ActiveCfg = Release|x64
		{852327CE-6786-40A6-819D-F7401E7E2B6A}.Release|x64.Build.0 = Release|x64
		{852327CE-6786-40A6-819D-F7401E7E2B6A}.Release|x86.ActiveCfg = Release|Win32
		{852327CE-6786-40A6-819D-F7401E7E2B6A}.Release|x86.Build.0 = Release|Win32
	EndGlobalSection
	GlobalSection(SolutionProperties) = preSolution
		HideSolutionNode = FALSE
	EndGlobalSection
	GlobalSection(ExtensibilityGlobals) = postSolution
		SolutionGuid = {97CF57DE-5D3E-4880-A288-6E5E8B739602}
	EndGlobalSection
EndGlobal
